
Microsoft Visual Studio Solution File, Format Version 12.00
# Visual Studio Version 17
VisualStudioVersion = 17.14.36511.14 d17.14
MinimumVisualStudioVersion = 10.0.40219.1
Project("{FAE04EC0-301F-11D3-BF4B-00C04F79EFBC}") = "Tugas1_Praktik 5_Syifa Azalia", "Tugas1_Praktik 5_Syifa Azalia\Tugas1_Praktik 5_Syifa Azalia.csproj", "{87567487-6AB7-40A7-85DE-AD9CF3614AA6}"
EndProject
Global
	GlobalSection(SolutionConfigurationPlatforms) = preSolution
		Debug|Any CPU = Debug|Any CPU
		Release|Any CPU = Release|Any CPU
	EndGlobalSection
	GlobalSection(ProjectConfigurationPlatforms) = postSolution
		{87567487-6AB7-40A7-85DE-AD9CF3614AA6}.Debug|Any CPU.ActiveCfg = Debug|Any CPU
		{87567487-6AB7-40A7-85DE-AD9CF3614AA6}.Debug|Any CPU.Build.0 = Debug|Any CPU
		{87567487-6AB7-40A7-85DE-AD9CF3614AA6}.Release|Any CPU.ActiveCfg = Release|Any CPU
		{87567487-6AB7-40A7-85DE-AD9CF3614AA6}.Release|Any CPU.Build.0 = Release|Any CPU
	EndGlobalSection
	GlobalSection(SolutionProperties) = preSolution
		HideSolutionNode = FALSE
	EndGlobalSection
	GlobalSection(ExtensibilityGlobals) = postSolution
		SolutionGuid = {B0D7540B-A541-42C2-9EB7-47B2E4E7F362}
	EndGlobalSection
EndGlobal
