
Microsoft Visual Studio Solution File, Format Version 12.00
# Visual Studio Version 17
VisualStudioVersion = 17.14.36511.14 d17.14
MinimumVisualStudioVersion = 10.0.40219.1
Project("{FAE04EC0-301F-11D3-BF4B-00C04F79EFBC}") = "Tugas2_Praktik 5_Syifa Azalia", "Tugas2_Praktik 5_Syifa Azalia\Tugas2_Praktik 5_Syifa Azalia.csproj", "{901D8840-338E-4A73-A400-BB0BD71CD515}"
EndProject
Global
	GlobalSection(SolutionConfigurationPlatforms) = preSolution
		Debug|Any CPU = Debug|Any CPU
		Release|Any CPU = Release|Any CPU
	EndGlobalSection
	GlobalSection(ProjectConfigurationPlatforms) = postSolution
		{901D8840-338E-4A73-A400-BB0BD71CD515}.Debug|Any CPU.ActiveCfg = Debug|Any CPU
		{901D8840-338E-4A73-A400-BB0BD71CD515}.Debug|Any CPU.Build.0 = Debug|Any CPU
		{901D8840-338E-4A73-A400-BB0BD71CD515}.Release|Any CPU.ActiveCfg = Release|Any CPU
		{901D8840-338E-4A73-A400-BB0BD71CD515}.Release|Any CPU.Build.0 = Release|Any CPU
	EndGlobalSection
	GlobalSection(SolutionProperties) = preSolution
		HideSolutionNode = FALSE
	EndGlobalSection
	GlobalSection(ExtensibilityGlobals) = postSolution
		SolutionGuid = {644F98C0-660E-4931-B000-A0D6EC58347D}
	EndGlobalSection
EndGlobal
