
Microsoft Visual Studio Solution File, Format Version 12.00
# Visual Studio Version 17
VisualStudioVersion = 17.14.36511.14 d17.14
MinimumVisualStudioVersion = 10.0.40219.1
Project("{FAE04EC0-301F-11D3-BF4B-00C04F79EFBC}") = "Praktik Hitung Luas", "Praktik Hitung Luas\Praktik Hitung Luas.csproj", "{1A7BA24B-C911-4C32-B3BB-D2CDEE565F58}"
EndProject
Global
	GlobalSection(SolutionConfigurationPlatforms) = preSolution
		Debug|Any CPU = Debug|Any CPU
		Release|Any CPU = Release|Any CPU
	EndGlobalSection
	GlobalSection(ProjectConfigurationPlatforms) = postSolution
		{1A7BA24B-C911-4C32-B3BB-D2CDEE565F58}.Debug|Any CPU.ActiveCfg = Debug|Any CPU
		{1A7BA24B-C911-4C32-B3BB-D2CDEE565F58}.Debug|Any CPU.Build.0 = Debug|Any CPU
		{1A7BA24B-C911-4C32-B3BB-D2CDEE565F58}.Release|Any CPU.ActiveCfg = Release|Any CPU
		{1A7BA24B-C911-4C32-B3BB-D2CDEE565F58}.Release|Any CPU.Build.0 = Release|Any CPU
	EndGlobalSection
	GlobalSection(SolutionProperties) = preSolution
		HideSolutionNode = FALSE
	EndGlobalSection
	GlobalSection(ExtensibilityGlobals) = postSolution
		SolutionGuid = {383D79E5-D7D5-4955-8F69-981B9EC1C2D2}
	EndGlobalSection
EndGlobal
