
Microsoft Visual Studio Solution File, Format Version 12.00
# Visual Studio Version 17
VisualStudioVersion = 17.14.36511.14 d17.14
MinimumVisualStudioVersion = 10.0.40219.1
Project("{FAE04EC0-301F-11D3-BF4B-00C04F79EFBC}") = "Tugas2_Syifa Azalia_1_7 okt", "Tugas2_Syifa Azalia_1_7 okt\Tugas2_Syifa Azalia_1_7 okt.csproj", "{92AF7B5A-77B2-46BA-B211-681C9CB3D397}"
EndProject
Global
	GlobalSection(SolutionConfigurationPlatforms) = preSolution
		Debug|Any CPU = Debug|Any CPU
		Release|Any CPU = Release|Any CPU
	EndGlobalSection
	GlobalSection(ProjectConfigurationPlatforms) = postSolution
		{92AF7B5A-77B2-46BA-B211-681C9CB3D397}.Debug|Any CPU.ActiveCfg = Debug|Any CPU
		{92AF7B5A-77B2-46BA-B211-681C9CB3D397}.Debug|Any CPU.Build.0 = Debug|Any CPU
		{92AF7B5A-77B2-46BA-B211-681C9CB3D397}.Release|Any CPU.ActiveCfg = Release|Any CPU
		{92AF7B5A-77B2-46BA-B211-681C9CB3D397}.Release|Any CPU.Build.0 = Release|Any CPU
	EndGlobalSection
	GlobalSection(SolutionProperties) = preSolution
		HideSolutionNode = FALSE
	EndGlobalSection
	GlobalSection(ExtensibilityGlobals) = postSolution
		SolutionGuid = {F407CBAC-214B-4BB0-B430-39635F67B2EC}
	EndGlobalSection
EndGlobal
