
Microsoft Visual Studio Solution File, Format Version 12.00
# Visual Studio Version 17
VisualStudioVersion = 17.14.36511.14 d17.14
MinimumVisualStudioVersion = 10.0.40219.1
Project("{FAE04EC0-301F-11D3-BF4B-00C04F79EFBC}") = "Praktik7_Syifa Azalia", "Praktik7_Syifa Azalia\Praktik7_Syifa Azalia.csproj", "{7911528C-1458-4CFA-B798-64276DD5A5F1}"
EndProject
Global
	GlobalSection(SolutionConfigurationPlatforms) = preSolution
		Debug|Any CPU = Debug|Any CPU
		Release|Any CPU = Release|Any CPU
	EndGlobalSection
	GlobalSection(ProjectConfigurationPlatforms) = postSolution
		{7911528C-1458-4CFA-B798-64276DD5A5F1}.Debug|Any CPU.ActiveCfg = Debug|Any CPU
		{7911528C-1458-4CFA-B798-64276DD5A5F1}.Debug|Any CPU.Build.0 = Debug|Any CPU
		{7911528C-1458-4CFA-B798-64276DD5A5F1}.Release|Any CPU.ActiveCfg = Release|Any CPU
		{7911528C-1458-4CFA-B798-64276DD5A5F1}.Release|Any CPU.Build.0 = Release|Any CPU
	EndGlobalSection
	GlobalSection(SolutionProperties) = preSolution
		HideSolutionNode = FALSE
	EndGlobalSection
	GlobalSection(ExtensibilityGlobals) = postSolution
		SolutionGuid = {5719CFA8-1B50-48FE-9D6B-BDB91DB484E3}
	EndGlobalSection
EndGlobal
