
Microsoft Visual Studio Solution File, Format Version 12.00
# Visual Studio Version 17
VisualStudioVersion = 17.14.36511.14 d17.14
MinimumVisualStudioVersion = 10.0.40219.1
Project("{FAE04EC0-301F-11D3-BF4B-00C04F79EFBC}") = "Praktik 4.12_Syifa Azalia_X PPLG 1", "Praktik 4.12_Syifa Azalia_X PPLG 1\Praktik 4.12_Syifa Azalia_X PPLG 1.csproj", "{F509DBE8-6277-47FF-B0B2-D5996675E2DA}"
EndProject
Global
	GlobalSection(SolutionConfigurationPlatforms) = preSolution
		Debug|Any CPU = Debug|Any CPU
		Release|Any CPU = Release|Any CPU
	EndGlobalSection
	GlobalSection(ProjectConfigurationPlatforms) = postSolution
		{F509DBE8-6277-47FF-B0B2-D5996675E2DA}.Debug|Any CPU.ActiveCfg = Debug|Any CPU
		{F509DBE8-6277-47FF-B0B2-D5996675E2DA}.Debug|Any CPU.Build.0 = Debug|Any CPU
		{F509DBE8-6277-47FF-B0B2-D5996675E2DA}.Release|Any CPU.ActiveCfg = Release|Any CPU
		{F509DBE8-6277-47FF-B0B2-D5996675E2DA}.Release|Any CPU.Build.0 = Release|Any CPU
	EndGlobalSection
	GlobalSection(SolutionProperties) = preSolution
		HideSolutionNode = FALSE
	EndGlobalSection
	GlobalSection(ExtensibilityGlobals) = postSolution
		SolutionGuid = {86D38943-4147-4CFC-86E1-1BCA0617ABDB}
	EndGlobalSection
EndGlobal
